// !$*UTF8*$!
{
	archiveVersion = 1;
	classes = {
	};
	objectVersion = 48;
	objects = {

/* Begin PBXBuildFile section */
		AD0C15681F795B5000105BAB /* background.png in Resources */ = {isa = PBXBuildFile; fileRef = AD0C15671F795B5000105BAB /* background.png */; };
		AD0C156C1F79982600105BAB /* restart-button.png in Resources */ = {isa = PBXBuildFile; fileRef = AD0C156B1F79982500105BAB /* restart-button.png */; };
		AD0C156F1F79993700105BAB /* clouds3d.png in Resources */ = {isa = PBXBuildFile; fileRef = AD0C156D1F79993500105BAB /* clouds3d.png */; };
		AD0C15751F799D3100105BAB /* elephant.png in Resources */ = {isa = PBXBuildFile; fileRef = AD0C15711F799D3100105BAB /* elephant.png */; };
		AD0C15761F799D3100105BAB /* lion.png in Resources */ = {isa = PBXBuildFile; fileRef = AD0C15721F799D3100105BAB /* lion.png */; };
		AD0C15771F799D3100105BAB /* monkey.png in Resources */ = {isa = PBXBuildFile; fileRef = AD0C15731F799D3100105BAB /* monkey.png */; };
		AD0C15781F799D3100105BAB /* tiger.png in Resources */ = {isa = PBXBuildFile; fileRef = AD0C15741F799D3100105BAB /* tiger.png */; };
		AD48694D1F729E1500580143 /* AppDelegate.swift in Sources */ = {isa = PBXBuildFile; fileRef = AD48694C1F729E1500580143 /* AppDelegate.swift */; };
		AD48694F1F729E1500580143 /* ViewController.swift in Sources */ = {isa = PBXBuildFile; fileRef = AD48694E1F729E1500580143 /* ViewController.swift */; };
		AD4869521F729E1500580143 /* Main.storyboard in Resources */ = {isa = PBXBuildFile; fileRef = AD4869501F729E1500580143 /* Main.storyboard */; };
		AD4869541F729E1500580143 /* Assets.xcassets in Resources */ = {isa = PBXBuildFile; fileRef = AD4869531F729E1500580143 /* Assets.xcassets */; };
		AD4869571F729E1500580143 /* LaunchScreen.storyboard in Resources */ = {isa = PBXBuildFile; fileRef = AD4869551F729E1500580143 /* LaunchScreen.storyboard */; };
		ADCDF4581F82709A006C6A6A /* Icon-167.png in Resources */ = {isa = PBXBuildFile; fileRef = ADCDF43A1F82707E006C6A6A /* Icon-167.png */; };
		ADCDF4591F82709A006C6A6A /* Icon-120.png in Resources */ = {isa = PBXBuildFile; fileRef = ADCDF43B1F82707F006C6A6A /* Icon-120.png */; };
		ADCDF45A1F82709A006C6A6A /* Icon-76.png in Resources */ = {isa = PBXBuildFile; fileRef = ADCDF43C1F827080006C6A6A /* Icon-76.png */; };
		ADCDF45B1F82709A006C6A6A /* Icon-180.png in Resources */ = {isa = PBXBuildFile; fileRef = ADCDF43D1F827080006C6A6A /* Icon-180.png */; };
		ADCDF45C1F82709A006C6A6A /* Icon-256.png in Resources */ = {isa = PBXBuildFile; fileRef = ADCDF43E1F827082006C6A6A /* Icon-256.png */; };
		ADCDF45D1F82709A006C6A6A /* Icon-100.png in Resources */ = {isa = PBXBuildFile; fileRef = ADCDF43F1F827082006C6A6A /* Icon-100.png */; };
		ADCDF45E1F82709A006C6A6A /* Icon-55.png in Resources */ = {isa = PBXBuildFile; fileRef = ADCDF4401F827083006C6A6A /* Icon-55.png */; };
		ADCDF45F1F82709A006C6A6A /* Icon-114.png in Resources */ = {isa = PBXBuildFile; fileRef = ADCDF4411F827084006C6A6A /* Icon-114.png */; };
		ADCDF4601F82709A006C6A6A /* Icon-60.png in Resources */ = {isa = PBXBuildFile; fileRef = ADCDF4421F827085006C6A6A /* Icon-60.png */; };
		ADCDF4611F82709A006C6A6A /* Icon-32.png in Resources */ = {isa = PBXBuildFile; fileRef = ADCDF4431F827086006C6A6A /* Icon-32.png */; };
		ADCDF4621F82709A006C6A6A /* Icon-172.png in Resources */ = {isa = PBXBuildFile; fileRef = ADCDF4441F827086006C6A6A /* Icon-172.png */; };
		ADCDF4631F82709A006C6A6A /* Icon-20.png in Resources */ = {isa = PBXBuildFile; fileRef = ADCDF4451F827087006C6A6A /* Icon-20.png */; };
		ADCDF4641F82709A006C6A6A /* Icon-48.png in Resources */ = {isa = PBXBuildFile; fileRef = ADCDF4461F827088006C6A6A /* Icon-48.png */; };
		ADCDF4651F82709A006C6A6A /* Icon-40.png in Resources */ = {isa = PBXBuildFile; fileRef = ADCDF4471F827088006C6A6A /* Icon-40.png */; };
		ADCDF4661F82709A006C6A6A /* Icon-72.png in Resources */ = {isa = PBXBuildFile; fileRef = ADCDF4481F82708A006C6A6A /* Icon-72.png */; };
		ADCDF4671F82709A006C6A6A /* Icon-64.png in Resources */ = {isa = PBXBuildFile; fileRef = ADCDF4491F82708B006C6A6A /* Icon-64.png */; };
		ADCDF4681F82709A006C6A6A /* Icon-29.png in Resources */ = {isa = PBXBuildFile; fileRef = ADCDF44A1F82708C006C6A6A /* Icon-29.png */; };
		ADCDF4691F82709A006C6A6A /* Icon-80.png in Resources */ = {isa = PBXBuildFile; fileRef = ADCDF44B1F82708E006C6A6A /* Icon-80.png */; };
		ADCDF46A1F82709A006C6A6A /* Icon-144.png in Resources */ = {isa = PBXBuildFile; fileRef = ADCDF44C1F82708F006C6A6A /* Icon-144.png */; };
		ADCDF46B1F82709A006C6A6A /* Icon-87.png in Resources */ = {isa = PBXBuildFile; fileRef = ADCDF44D1F82708F006C6A6A /* Icon-87.png */; };
		ADCDF46C1F82709A006C6A6A /* Icon-128.png in Resources */ = {isa = PBXBuildFile; fileRef = ADCDF44E1F827090006C6A6A /* Icon-128.png */; };
		ADCDF46D1F82709A006C6A6A /* Icon-512.png in Resources */ = {isa = PBXBuildFile; fileRef = ADCDF44F1F827091006C6A6A /* Icon-512.png */; };
		ADCDF46E1F82709A006C6A6A /* Icon-50.png in Resources */ = {isa = PBXBuildFile; fileRef = ADCDF4501F827092006C6A6A /* Icon-50.png */; };
		ADCDF46F1F82709A006C6A6A /* Icon-57.png in Resources */ = {isa = PBXBuildFile; fileRef = ADCDF4511F827093006C6A6A /* Icon-57.png */; };
		ADCDF4701F82709A006C6A6A /* Icon-16.png in Resources */ = {isa = PBXBuildFile; fileRef = ADCDF4521F827094006C6A6A /* Icon-16.png */; };
		ADCDF4711F82709A006C6A6A /* Icon-152.png in Resources */ = {isa = PBXBuildFile; fileRef = ADCDF4531F827095006C6A6A /* Icon-152.png */; };
		ADCDF4721F82709A006C6A6A /* Icon-58.png in Resources */ = {isa = PBXBuildFile; fileRef = ADCDF4541F827096006C6A6A /* Icon-58.png */; };
		ADCDF4731F82709A006C6A6A /* Icon-88.png in Resources */ = {isa = PBXBuildFile; fileRef = ADCDF4551F827097006C6A6A /* Icon-88.png */; };
		ADCDF4741F82709A006C6A6A /* Icon-1024.png in Resources */ = {isa = PBXBuildFile; fileRef = ADCDF4561F827098006C6A6A /* Icon-1024.png */; };
		ADCDF4751F82709A006C6A6A /* Icon-196.png in Resources */ = {isa = PBXBuildFile; fileRef = ADCDF4571F827099006C6A6A /* Icon-196.png */; };
/* End PBXBuildFile section */

/* Begin PBXFileReference section */
		AD0C15671F795B5000105BAB /* background.png */ = {isa = PBXFileReference; lastKnownFileType = image.png; name = background.png; path = "../../../../../../../../../../Library/Mobile Documents/com~apple~Preview/Documents/background.png"; sourceTree = "<group>"; };
		AD0C156B1F79982500105BAB /* restart-button.png */ = {isa = PBXFileReference; lastKnownFileType = image.png; name = "restart-button.png"; path = "../../../../../../../../../restart-button.png"; sourceTree = "<group>"; };
		AD0C156D1F79993500105BAB /* clouds3d.png */ = {isa = PBXFileReference; lastKnownFileType = image.png; name = clouds3d.png; path = ../../../../../../../../../clouds3d.png; sourceTree = "<group>"; };
		AD0C15711F799D3100105BAB /* elephant.png */ = {isa = PBXFileReference; lastKnownFileType = image.png; name = elephant.png; path = ../../../../../../../../../images2/elephant.png; sourceTree = "<group>"; };
		AD0C15721F799D3100105BAB /* lion.png */ = {isa = PBXFileReference; lastKnownFileType = image.png; name = lion.png; path = ../../../../../../../../../images2/lion.png; sourceTree = "<group>"; };
		AD0C15731F799D3100105BAB /* monkey.png */ = {isa = PBXFileReference; lastKnownFileType = image.png; name = monkey.png; path = ../../../../../../../../../images2/monkey.png; sourceTree = "<group>"; };
		AD0C15741F799D3100105BAB /* tiger.png */ = {isa = PBXFileReference; lastKnownFileType = image.png; name = tiger.png; path = ../../../../../../../../../images2/tiger.png; sourceTree = "<group>"; };
		AD4869491F729E1500580143 /* Match.app */ = {isa = PBXFileReference; explicitFileType = wrapper.application; includeInIndex = 0; path = Match.app; sourceTree = BUILT_PRODUCTS_DIR; };
		AD48694C1F729E1500580143 /* AppDelegate.swift */ = {isa = PBXFileReference; lastKnownFileType = sourcecode.swift; path = AppDelegate.swift; sourceTree = "<group>"; };
		AD48694E1F729E1500580143 /* ViewController.swift */ = {isa = PBXFileReference; lastKnownFileType = sourcecode.swift; path = ViewController.swift; sourceTree = "<group>"; };
		AD4869511F729E1500580143 /* Base */ = {isa = PBXFileReference; lastKnownFileType = file.storyboard; name = Base; path = Base.lproj/Main.storyboard; sourceTree = "<group>"; };
		AD4869531F729E1500580143 /* Assets.xcassets */ = {isa = PBXFileReference; lastKnownFileType = folder.assetcatalog; path = Assets.xcassets; sourceTree = "<group>"; };
		AD4869561F729E1500580143 /* Base */ = {isa = PBXFileReference; lastKnownFileType = file.storyboard; name = Base; path = Base.lproj/LaunchScreen.storyboard; sourceTree = "<group>"; };
		AD4869581F729E1500580143 /* Info.plist */ = {isa = PBXFileReference; lastKnownFileType = text.plist.xml; path = Info.plist; sourceTree = "<group>"; };
		ADCDF43A1F82707E006C6A6A /* Icon-167.png */ = {isa = PBXFileReference; lastKnownFileType = image.png; name = "Icon-167.png"; path = "../../../../../../../../../../Downloads/appiconmaker/Icon-167.png"; sourceTree = "<group>"; };
		ADCDF43B1F82707F006C6A6A /* Icon-120.png */ = {isa = PBXFileReference; lastKnownFileType = image.png; name = "Icon-120.png"; path = "../../../../../../../../../../Downloads/appiconmaker/Icon-120.png"; sourceTree = "<group>"; };
		ADCDF43C1F827080006C6A6A /* Icon-76.png */ = {isa = PBXFileReference; lastKnownFileType = image.png; name = "Icon-76.png"; path = "../../../../../../../../../../Downloads/appiconmaker/Icon-76.png"; sourceTree = "<group>"; };
		ADCDF43D1F827080006C6A6A /* Icon-180.png */ = {isa = PBXFileReference; lastKnownFileType = image.png; name = "Icon-180.png"; path = "../../../../../../../../../../Downloads/appiconmaker/Icon-180.png"; sourceTree = "<group>"; };
		ADCDF43E1F827082006C6A6A /* Icon-256.png */ = {isa = PBXFileReference; lastKnownFileType = image.png; name = "Icon-256.png"; path = "../../../../../../../../../../Downloads/appiconmaker/Icon-256.png"; sourceTree = "<group>"; };
		ADCDF43F1F827082006C6A6A /* Icon-100.png */ = {isa = PBXFileReference; lastKnownFileType = image.png; name = "Icon-100.png"; path = "../../../../../../../../../../Downloads/appiconmaker/Icon-100.png"; sourceTree = "<group>"; };
		ADCDF4401F827083006C6A6A /* Icon-55.png */ = {isa = PBXFileReference; lastKnownFileType = image.png; name = "Icon-55.png"; path = "../../../../../../../../../../Downloads/appiconmaker/Icon-55.png"; sourceTree = "<group>"; };
		ADCDF4411F827084006C6A6A /* Icon-114.png */ = {isa = PBXFileReference; lastKnownFileType = image.png; name = "Icon-114.png"; path = "../../../../../../../../../../Downloads/appiconmaker/Icon-114.png"; sourceTree = "<group>"; };
		ADCDF4421F827085006C6A6A /* Icon-60.png */ = {isa = PBXFileReference; lastKnownFileType = image.png; name = "Icon-60.png"; path = "../../../../../../../../../../Downloads/appiconmaker/Icon-60.png"; sourceTree = "<group>"; };
		ADCDF4431F827086006C6A6A /* Icon-32.png */ = {isa = PBXFileReference; lastKnownFileType = image.png; name = "Icon-32.png"; path = "../../../../../../../../../../Downloads/appiconmaker/Icon-32.png"; sourceTree = "<group>"; };
		ADCDF4441F827086006C6A6A /* Icon-172.png */ = {isa = PBXFileReference; lastKnownFileType = image.png; name = "Icon-172.png"; path = "../../../../../../../../../../Downloads/appiconmaker/Icon-172.png"; sourceTree = "<group>"; };
		ADCDF4451F827087006C6A6A /* Icon-20.png */ = {isa = PBXFileReference; lastKnownFileType = image.png; name = "Icon-20.png"; path = "../../../../../../../../../../Downloads/appiconmaker/Icon-20.png"; sourceTree = "<group>"; };
		ADCDF4461F827088006C6A6A /* Icon-48.png */ = {isa = PBXFileReference; lastKnownFileType = image.png; name = "Icon-48.png"; path = "../../../../../../../../../../Downloads/appiconmaker/Icon-48.png"; sourceTree = "<group>"; };
		ADCDF4471F827088006C6A6A /* Icon-40.png */ = {isa = PBXFileReference; lastKnownFileType = image.png; name = "Icon-40.png"; path = "../../../../../../../../../../Downloads/appiconmaker/Icon-40.png"; sourceTree = "<group>"; };
		ADCDF4481F82708A006C6A6A /* Icon-72.png */ = {isa = PBXFileReference; lastKnownFileType = image.png; name = "Icon-72.png"; path = "../../../../../../../../../../Downloads/appiconmaker/Icon-72.png"; sourceTree = "<group>"; };
		ADCDF4491F82708B006C6A6A /* Icon-64.png */ = {isa = PBXFileReference; lastKnownFileType = image.png; name = "Icon-64.png"; path = "../../../../../../../../../../Downloads/appiconmaker/Icon-64.png"; sourceTree = "<group>"; };
		ADCDF44A1F82708C006C6A6A /* Icon-29.png */ = {isa = PBXFileReference; lastKnownFileType = image.png; name = "Icon-29.png"; path = "../../../../../../../../../../Downloads/appiconmaker/Icon-29.png"; sourceTree = "<group>"; };
		ADCDF44B1F82708E006C6A6A /* Icon-80.png */ = {isa = PBXFileReference; lastKnownFileType = image.png; name = "Icon-80.png"; path = "../../../../../../../../../../Downloads/appiconmaker/Icon-80.png"; sourceTree = "<group>"; };
		ADCDF44C1F82708F006C6A6A /* Icon-144.png */ = {isa = PBXFileReference; lastKnownFileType = image.png; name = "Icon-144.png"; path = "../../../../../../../../../../Downloads/appiconmaker/Icon-144.png"; sourceTree = "<group>"; };
		ADCDF44D1F82708F006C6A6A /* Icon-87.png */ = {isa = PBXFileReference; lastKnownFileType = image.png; name = "Icon-87.png"; path = "../../../../../../../../../../Downloads/appiconmaker/Icon-87.png"; sourceTree = "<group>"; };
		ADCDF44E1F827090006C6A6A /* Icon-128.png */ = {isa = PBXFileReference; lastKnownFileType = image.png; name = "Icon-128.png"; path = "../../../../../../../../../../Downloads/appiconmaker/Icon-128.png"; sourceTree = "<group>"; };
		ADCDF44F1F827091006C6A6A /* Icon-512.png */ = {isa = PBXFileReference; lastKnownFileType = image.png; name = "Icon-512.png"; path = "../../../../../../../../../../Downloads/appiconmaker/Icon-512.png"; sourceTree = "<group>"; };
		ADCDF4501F827092006C6A6A /* Icon-50.png */ = {isa = PBXFileReference; lastKnownFileType = image.png; name = "Icon-50.png"; path = "../../../../../../../../../../Downloads/appiconmaker/Icon-50.png"; sourceTree = "<group>"; };
		ADCDF4511F827093006C6A6A /* Icon-57.png */ = {isa = PBXFileReference; lastKnownFileType = image.png; name = "Icon-57.png"; path = "../../../../../../../../../../Downloads/appiconmaker/Icon-57.png"; sourceTree = "<group>"; };
		ADCDF4521F827094006C6A6A /* Icon-16.png */ = {isa = PBXFileReference; lastKnownFileType = image.png; name = "Icon-16.png"; path = "../../../../../../../../../../Downloads/appiconmaker/Icon-16.png"; sourceTree = "<group>"; };
		ADCDF4531F827095006C6A6A /* Icon-152.png */ = {isa = PBXFileReference; lastKnownFileType = image.png; name = "Icon-152.png"; path = "../../../../../../../../../../Downloads/appiconmaker/Icon-152.png"; sourceTree = "<group>"; };
		ADCDF4541F827096006C6A6A /* Icon-58.png */ = {isa = PBXFileReference; lastKnownFileType = image.png; name = "Icon-58.png"; path = "../../../../../../../../../../Downloads/appiconmaker/Icon-58.png"; sourceTree = "<group>"; };
		ADCDF4551F827097006C6A6A /* Icon-88.png */ = {isa = PBXFileReference; lastKnownFileType = image.png; name = "Icon-88.png"; path = "../../../../../../../../../../Downloads/appiconmaker/Icon-88.png"; sourceTree = "<group>"; };
		ADCDF4561F827098006C6A6A /* Icon-1024.png */ = {isa = PBXFileReference; lastKnownFileType = image.png; name = "Icon-1024.png"; path = "../../../../../../../../../../Downloads/appiconmaker/Icon-1024.png"; sourceTree = "<group>"; };
		ADCDF4571F827099006C6A6A /* Icon-196.png */ = {isa = PBXFileReference; lastKnownFileType = image.png; name = "Icon-196.png"; path = "../../../../../../../../../../Downloads/appiconmaker/Icon-196.png"; sourceTree = "<group>"; };
/* End PBXFileReference section */

/* Begin PBXFrameworksBuildPhase section */
		AD4869461F729E1500580143 /* Frameworks */ = {
			isa = PBXFrameworksBuildPhase;
			buildActionMask = 2147483647;
			files = (
			);
			runOnlyForDeploymentPostprocessing = 0;
		};
/* End PBXFrameworksBuildPhase section */

/* Begin PBXGroup section */
		AD4869401F729E1500580143 = {
			isa = PBXGroup;
			children = (
				AD48694B1F729E1500580143 /* Match */,
				AD48694A1F729E1500580143 /* Products */,
			);
			sourceTree = "<group>";
		};
		AD48694A1F729E1500580143 /* Products */ = {
			isa = PBXGroup;
			children = (
				AD4869491F729E1500580143 /* Match.app */,
			);
			name = Products;
			sourceTree = "<group>";
		};
		AD48694B1F729E1500580143 /* Match */ = {
			isa = PBXGroup;
			children = (
				ADCDF4391F827061006C6A6A /* Icon */,
				AD48695E1F729EA500580143 /* images */,
				AD48694C1F729E1500580143 /* AppDelegate.swift */,
				AD48694E1F729E1500580143 /* ViewController.swift */,
				AD4869501F729E1500580143 /* Main.storyboard */,
				AD4869531F729E1500580143 /* Assets.xcassets */,
				AD4869551F729E1500580143 /* LaunchScreen.storyboard */,
				AD4869581F729E1500580143 /* Info.plist */,
			);
			path = Match;
			sourceTree = "<group>";
		};
		AD48695E1F729EA500580143 /* images */ = {
			isa = PBXGroup;
			children = (
				AD0C15711F799D3100105BAB /* elephant.png */,
				AD0C15721F799D3100105BAB /* lion.png */,
				AD0C15731F799D3100105BAB /* monkey.png */,
				AD0C15741F799D3100105BAB /* tiger.png */,
				AD0C156D1F79993500105BAB /* clouds3d.png */,
				AD0C156B1F79982500105BAB /* restart-button.png */,
				AD0C15671F795B5000105BAB /* background.png */,
			);
			path = images;
			sourceTree = "<group>";
		};
		ADCDF4391F827061006C6A6A /* Icon */ = {
			isa = PBXGroup;
			children = (
				ADCDF4521F827094006C6A6A /* Icon-16.png */,
				ADCDF4451F827087006C6A6A /* Icon-20.png */,
				ADCDF44A1F82708C006C6A6A /* Icon-29.png */,
				ADCDF4431F827086006C6A6A /* Icon-32.png */,
				ADCDF4471F827088006C6A6A /* Icon-40.png */,
				ADCDF4461F827088006C6A6A /* Icon-48.png */,
				ADCDF4501F827092006C6A6A /* Icon-50.png */,
				ADCDF4401F827083006C6A6A /* Icon-55.png */,
				ADCDF4511F827093006C6A6A /* Icon-57.png */,
				ADCDF4541F827096006C6A6A /* Icon-58.png */,
				ADCDF4421F827085006C6A6A /* Icon-60.png */,
				ADCDF4491F82708B006C6A6A /* Icon-64.png */,
				ADCDF4481F82708A006C6A6A /* Icon-72.png */,
				ADCDF43C1F827080006C6A6A /* Icon-76.png */,
				ADCDF44B1F82708E006C6A6A /* Icon-80.png */,
				ADCDF44D1F82708F006C6A6A /* Icon-87.png */,
				ADCDF4551F827097006C6A6A /* Icon-88.png */,
				ADCDF43F1F827082006C6A6A /* Icon-100.png */,
				ADCDF4411F827084006C6A6A /* Icon-114.png */,
				ADCDF43B1F82707F006C6A6A /* Icon-120.png */,
				ADCDF44E1F827090006C6A6A /* Icon-128.png */,
				ADCDF44C1F82708F006C6A6A /* Icon-144.png */,
				ADCDF4531F827095006C6A6A /* Icon-152.png */,
				ADCDF43A1F82707E006C6A6A /* Icon-167.png */,
				ADCDF4441F827086006C6A6A /* Icon-172.png */,
				ADCDF43D1F827080006C6A6A /* Icon-180.png */,
				ADCDF4571F827099006C6A6A /* Icon-196.png */,
				ADCDF43E1F827082006C6A6A /* Icon-256.png */,
				ADCDF44F1F827091006C6A6A /* Icon-512.png */,
				ADCDF4561F827098006C6A6A /* Icon-1024.png */,
			);
			path = Icon;
			sourceTree = "<group>";
		};
/* End PBXGroup section */

/* Begin PBXNativeTarget section */
		AD4869481F729E1500580143 /* Match */ = {
			isa = PBXNativeTarget;
			buildConfigurationList = AD48695B1F729E1500580143 /* Build configuration list for PBXNativeTarget "Match" */;
			buildPhases = (
				AD4869451F729E1500580143 /* Sources */,
				AD4869461F729E1500580143 /* Frameworks */,
				AD4869471F729E1500580143 /* Resources */,
			);
			buildRules = (
			);
			dependencies = (
			);
			name = Match;
			productName = Match;
			productReference = AD4869491F729E1500580143 /* Match.app */;
			productType = "com.apple.product-type.application";
		};
/* End PBXNativeTarget section */

/* Begin PBXProject section */
		AD4869411F729E1500580143 /* Project object */ = {
			isa = PBXProject;
			attributes = {
				LastSwiftUpdateCheck = 0900;
				LastUpgradeCheck = 0900;
				ORGANIZATIONNAME = "Roger Terres";
				TargetAttributes = {
					AD4869481F729E1500580143 = {
						CreatedOnToolsVersion = 9.0;
						ProvisioningStyle = Automatic;
					};
				};
			};
			buildConfigurationList = AD4869441F729E1500580143 /* Build configuration list for PBXProject "Match" */;
			compatibilityVersion = "Xcode 8.0";
			developmentRegion = en;
			hasScannedForEncodings = 0;
			knownRegions = (
				en,
				Base,
			);
			mainGroup = AD4869401F729E1500580143;
			productRefGroup = AD48694A1F729E1500580143 /* Products */;
			projectDirPath = "";
			projectRoot = "";
			targets = (
				AD4869481F729E1500580143 /* Match */,
			);
		};
/* End PBXProject section */

/* Begin PBXResourcesBuildPhase section */
		AD4869471F729E1500580143 /* Resources */ = {
			isa = PBXResourcesBuildPhase;
			buildActionMask = 2147483647;
			files = (
				ADCDF4691F82709A006C6A6A /* Icon-80.png in Resources */,
				ADCDF4601F82709A006C6A6A /* Icon-60.png in Resources */,
				ADCDF4661F82709A006C6A6A /* Icon-72.png in Resources */,
				AD4869571F729E1500580143 /* LaunchScreen.storyboard in Resources */,
				ADCDF4701F82709A006C6A6A /* Icon-16.png in Resources */,
				ADCDF45A1F82709A006C6A6A /* Icon-76.png in Resources */,
				AD0C15781F799D3100105BAB /* tiger.png in Resources */,
				ADCDF4621F82709A006C6A6A /* Icon-172.png in Resources */,
				AD0C15751F799D3100105BAB /* elephant.png in Resources */,
				AD0C15761F799D3100105BAB /* lion.png in Resources */,
				ADCDF4591F82709A006C6A6A /* Icon-120.png in Resources */,
				ADCDF4651F82709A006C6A6A /* Icon-40.png in Resources */,
				ADCDF4721F82709A006C6A6A /* Icon-58.png in Resources */,
				ADCDF4751F82709A006C6A6A /* Icon-196.png in Resources */,
				ADCDF45E1F82709A006C6A6A /* Icon-55.png in Resources */,
				ADCDF4681F82709A006C6A6A /* Icon-29.png in Resources */,
				ADCDF46D1F82709A006C6A6A /* Icon-512.png in Resources */,
				ADCDF45F1F82709A006C6A6A /* Icon-114.png in Resources */,
				ADCDF4671F82709A006C6A6A /* Icon-64.png in Resources */,
				ADCDF4611F82709A006C6A6A /* Icon-32.png in Resources */,
				ADCDF46C1F82709A006C6A6A /* Icon-128.png in Resources */,
				ADCDF45D1F82709A006C6A6A /* Icon-100.png in Resources */,
				ADCDF45B1F82709A006C6A6A /* Icon-180.png in Resources */,
				ADCDF4641F82709A006C6A6A /* Icon-48.png in Resources */,
				AD0C156F1F79993700105BAB /* clouds3d.png in Resources */,
				ADCDF46F1F82709A006C6A6A /* Icon-57.png in Resources */,
				ADCDF4631F82709A006C6A6A /* Icon-20.png in Resources */,
				ADCDF4711F82709A006C6A6A /* Icon-152.png in Resources */,
				ADCDF46E1F82709A006C6A6A /* Icon-50.png in Resources */,
				ADCDF4731F82709A006C6A6A /* Icon-88.png in Resources */,
				ADCDF46A1F82709A006C6A6A /* Icon-144.png in Resources */,
				AD4869541F729E1500580143 /* Assets.xcassets in Resources */,
				AD0C15771F799D3100105BAB /* monkey.png in Resources */,
				ADCDF4581F82709A006C6A6A /* Icon-167.png in Resources */,
				AD4869521F729E1500580143 /* Main.storyboard in Resources */,
				AD0C15681F795B5000105BAB /* background.png in Resources */,
				ADCDF4741F82709A006C6A6A /* Icon-1024.png in Resources */,
				ADCDF45C1F82709A006C6A6A /* Icon-256.png in Resources */,
				AD0C156C1F79982600105BAB /* restart-button.png in Resources */,
				ADCDF46B1F82709A006C6A6A /* Icon-87.png in Resources */,
			);
			runOnlyForDeploymentPostprocessing = 0;
		};
/* End PBXResourcesBuildPhase section */

/* Begin PBXSourcesBuildPhase section */
		AD4869451F729E1500580143 /* Sources */ = {
			isa = PBXSourcesBuildPhase;
			buildActionMask = 2147483647;
			files = (
				AD48694F1F729E1500580143 /* ViewController.swift in Sources */,
				AD48694D1F729E1500580143 /* AppDelegate.swift in Sources */,
			);
			runOnlyForDeploymentPostprocessing = 0;
		};
/* End PBXSourcesBuildPhase section */

/* Begin PBXVariantGroup section */
		AD4869501F729E1500580143 /* Main.storyboard */ = {
			isa = PBXVariantGroup;
			children = (
				AD4869511F729E1500580143 /* Base */,
			);
			name = Main.storyboard;
			sourceTree = "<group>";
		};
		AD4869551F729E1500580143 /* LaunchScreen.storyboard */ = {
			isa = PBXVariantGroup;
			children = (
				AD4869561F729E1500580143 /* Base */,
			);
			name = LaunchScreen.storyboard;
			sourceTree = "<group>";
		};
/* End PBXVariantGroup section */

/* Begin XCBuildConfiguration section */
		AD4869591F729E1500580143 /* Debug */ = {
			isa = XCBuildConfiguration;
			buildSettings = {
				ALWAYS_SEARCH_USER_PATHS = NO;
				CLANG_ANALYZER_NONNULL = YES;
				CLANG_ANALYZER_NUMBER_OBJECT_CONVERSION = YES_AGGRESSIVE;
				CLANG_CXX_LANGUAGE_STANDARD = "gnu++14";
				CLANG_CXX_LIBRARY = "libc++";
				CLANG_ENABLE_MODULES = YES;
				CLANG_ENABLE_OBJC_ARC = YES;
				CLANG_WARN_BLOCK_CAPTURE_AUTORELEASING = YES;
				CLANG_WARN_BOOL_CONVERSION = YES;
				CLANG_WARN_COMMA = YES;
				CLANG_WARN_CONSTANT_CONVERSION = YES;
				CLANG_WARN_DIRECT_OBJC_ISA_USAGE = YES_ERROR;
				CLANG_WARN_DOCUMENTATION_COMMENTS = YES;
				CLANG_WARN_EMPTY_BODY = YES;
				CLANG_WARN_ENUM_CONVERSION = YES;
				CLANG_WARN_INFINITE_RECURSION = YES;
				CLANG_WARN_INT_CONVERSION = YES;
				CLANG_WARN_NON_LITERAL_NULL_CONVERSION = YES;
				CLANG_WARN_OBJC_LITERAL_CONVERSION = YES;
				CLANG_WARN_OBJC_ROOT_CLASS = YES_ERROR;
				CLANG_WARN_RANGE_LOOP_ANALYSIS = YES;
				CLANG_WARN_STRICT_PROTOTYPES = YES;
				CLANG_WARN_SUSPICIOUS_MOVE = YES;
				CLANG_WARN_UNGUARDED_AVAILABILITY = YES_AGGRESSIVE;
				CLANG_WARN_UNREACHABLE_CODE = YES;
				CLANG_WARN__DUPLICATE_METHOD_MATCH = YES;
				CODE_SIGN_IDENTITY = "iPhone Developer";
				COPY_PHASE_STRIP = NO;
				DEBUG_INFORMATION_FORMAT = dwarf;
				ENABLE_STRICT_OBJC_MSGSEND = YES;
				ENABLE_TESTABILITY = YES;
				GCC_C_LANGUAGE_STANDARD = gnu11;
				GCC_DYNAMIC_NO_PIC = NO;
				GCC_NO_COMMON_BLOCKS = YES;
				GCC_OPTIMIZATION_LEVEL = 0;
				GCC_PREPROCESSOR_DEFINITIONS = (
					"DEBUG=1",
					"$(inherited)",
				);
				GCC_WARN_64_TO_32_BIT_CONVERSION = YES;
				GCC_WARN_ABOUT_RETURN_TYPE = YES_ERROR;
				GCC_WARN_UNDECLARED_SELECTOR = YES;
				GCC_WARN_UNINITIALIZED_AUTOS = YES_AGGRESSIVE;
				GCC_WARN_UNUSED_FUNCTION = YES;
				GCC_WARN_UNUSED_VARIABLE = YES;
				IPHONEOS_DEPLOYMENT_TARGET = 11.0;
				MTL_ENABLE_DEBUG_INFO = YES;
				ONLY_ACTIVE_ARCH = YES;
				SDKROOT = iphoneos;
				SWIFT_ACTIVE_COMPILATION_CONDITIONS = DEBUG;
				SWIFT_OPTIMIZATION_LEVEL = "-Onone";
			};
			name = Debug;
		};
		AD48695A1F729E1500580143 /* Release */ = {
			isa = XCBuildConfiguration;
			buildSettings = {
				ALWAYS_SEARCH_USER_PATHS = NO;
				CLANG_ANALYZER_NONNULL = YES;
				CLANG_ANALYZER_NUMBER_OBJECT_CONVERSION = YES_AGGRESSIVE;
				CLANG_CXX_LANGUAGE_STANDARD = "gnu++14";
				CLANG_CXX_LIBRARY = "libc++";
				CLANG_ENABLE_MODULES = YES;
				CLANG_ENABLE_OBJC_ARC = YES;
				CLANG_WARN_BLOCK_CAPTURE_AUTORELEASING = YES;
				CLANG_WARN_BOOL_CONVERSION = YES;
				CLANG_WARN_COMMA = YES;
				CLANG_WARN_CONSTANT_CONVERSION = YES;
				CLANG_WARN_DIRECT_OBJC_ISA_USAGE = YES_ERROR;
				CLANG_WARN_DOCUMENTATION_COMMENTS = YES;
				CLANG_WARN_EMPTY_BODY = YES;
				CLANG_WARN_ENUM_CONVERSION = YES;
				CLANG_WARN_INFINITE_RECURSION = YES;
				CLANG_WARN_INT_CONVERSION = YES;
				CLANG_WARN_NON_LITERAL_NULL_CONVERSION = YES;
				CLANG_WARN_OBJC_LITERAL_CONVERSION = YES;
				CLANG_WARN_OBJC_ROOT_CLASS = YES_ERROR;
				CLANG_WARN_RANGE_LOOP_ANALYSIS = YES;
				CLANG_WARN_STRICT_PROTOTYPES = YES;
				CLANG_WARN_SUSPICIOUS_MOVE = YES;
				CLANG_WARN_UNGUARDED_AVAILABILITY = YES_AGGRESSIVE;
				CLANG_WARN_UNREACHABLE_CODE = YES;
				CLANG_WARN__DUPLICATE_METHOD_MATCH = YES;
				CODE_SIGN_IDENTITY = "iPhone Developer";
				COPY_PHASE_STRIP = NO;
				DEBUG_INFORMATION_FORMAT = "dwarf-with-dsym";
				ENABLE_NS_ASSERTIONS = NO;
				ENABLE_STRICT_OBJC_MSGSEND = YES;
				GCC_C_LANGUAGE_STANDARD = gnu11;
				GCC_NO_COMMON_BLOCKS = YES;
				GCC_WARN_64_TO_32_BIT_CONVERSION = YES;
				GCC_WARN_ABOUT_RETURN_TYPE = YES_ERROR;
				GCC_WARN_UNDECLARED_SELECTOR = YES;
				GCC_WARN_UNINITIALIZED_AUTOS = YES_AGGRESSIVE;
				GCC_WARN_UNUSED_FUNCTION = YES;
				GCC_WARN_UNUSED_VARIABLE = YES;
				IPHONEOS_DEPLOYMENT_TARGET = 11.0;
				MTL_ENABLE_DEBUG_INFO = NO;
				SDKROOT = iphoneos;
				SWIFT_OPTIMIZATION_LEVEL = "-Owholemodule";
				VALIDATE_PRODUCT = YES;
			};
			name = Release;
		};
		AD48695C1F729E1500580143 /* Debug */ = {
			isa = XCBuildConfiguration;
			buildSettings = {
				ASSETCATALOG_COMPILER_APPICON_NAME = AppIcon;
				ASSETCATALOG_COMPILER_LAUNCHIMAGE_NAME = LaunchImage;
				CODE_SIGN_STYLE = Automatic;
				DEVELOPMENT_TEAM = U9URSZBRZG;
				INFOPLIST_FILE = Match/Info.plist;
				IPHONEOS_DEPLOYMENT_TARGET = 11.0;
				LD_RUNPATH_SEARCH_PATHS = "$(inherited) @executable_path/Frameworks";
				PRODUCT_BUNDLE_IDENTIFIER = com.rogerterres.Match;
				PRODUCT_NAME = "$(TARGET_NAME)";
				SWIFT_VERSION = 4.0;
				TARGETED_DEVICE_FAMILY = 2;
			};
			name = Debug;
		};
		AD48695D1F729E1500580143 /* Release */ = {
			isa = XCBuildConfiguration;
			buildSettings = {
				ASSETCATALOG_COMPILER_APPICON_NAME = AppIcon;
				ASSETCATALOG_COMPILER_LAUNCHIMAGE_NAME = LaunchImage;
				CODE_SIGN_STYLE = Automatic;
				DEVELOPMENT_TEAM = U9URSZBRZG;
				INFOPLIST_FILE = Match/Info.plist;
				IPHONEOS_DEPLOYMENT_TARGET = 11.0;
				LD_RUNPATH_SEARCH_PATHS = "$(inherited) @executable_path/Frameworks";
				PRODUCT_BUNDLE_IDENTIFIER = com.rogerterres.Match;
				PRODUCT_NAME = "$(TARGET_NAME)";
				SWIFT_VERSION = 4.0;
				TARGETED_DEVICE_FAMILY = 2;
			};
			name = Release;
		};
/* End XCBuildConfiguration section */

/* Begin XCConfigurationList section */
		AD4869441F729E1500580143 /* Build configuration list for PBXProject "Match" */ = {
			isa = XCConfigurationList;
			buildConfigurations = (
				AD4869591F729E1500580143 /* Debug */,
				AD48695A1F729E1500580143 /* Release */,
			);
			defaultConfigurationIsVisible = 0;
			defaultConfigurationName = Release;
		};
		AD48695B1F729E1500580143 /* Build configuration list for PBXNativeTarget "Match" */ = {
			isa = XCConfigurationList;
			buildConfigurations = (
				AD48695C1F729E1500580143 /* Debug */,
				AD48695D1F729E1500580143 /* Release */,
			);
			defaultConfigurationIsVisible = 0;
			defaultConfigurationName = Release;
		};
/* End XCConfigurationList section */
	};
	rootObject = AD4869411F729E1500580143 /* Project object */;
}
